{
  "name": "eslint-config-vui",
  "version": "1.0.1",
  "lockfileVersion": 1,
  "requires": true,
  "dependencies": {
    "eslint-plugin-filenames": {
      "version": "1.3.2",
      "resolved": "https://registry.npm.taobao.org/eslint-plugin-filenames/download/eslint-plugin-filenames-1.3.2.tgz",
      "integrity": "sha1-cJTwDXrv3WmZ46wZ9yzqBY5ZDPc=",
      "requires": {
        "lodash.camelcase": "4.3.0",
        "lodash.kebabcase": "4.1.1",
        "lodash.snakecase": "4.1.1",
        "lodash.upperfirst": "4.3.1"
      }
    },
    "eslint-plugin-sonarjs": {
      "version": "0.5.0",
      "resolved": "https://registry.npm.taobao.org/eslint-plugin-sonarjs/download/eslint-plugin-sonarjs-0.5.0.tgz",
      "integrity": "sha1-zhey2rplqHTChiITqeOOiYatfX0="
    },
    "lodash.camelcase": {
      "version": "4.3.0",
      "resolved": "http://registry.npm.taobao.org/lodash.camelcase/download/lodash.camelcase-4.3.0.tgz",
      "integrity": "sha1-soqmKIorn8ZRA1x3EfZathkDMaY="
    },
    "lodash.kebabcase": {
      "version": "4.1.1",
      "resolved": "https://registry.npm.taobao.org/lodash.kebabcase/download/lodash.kebabcase-4.1.1.tgz",
      "integrity": "sha1-hImxyw0p/4gZXM7KRI/21swpXDY="
    },
    "lodash.snakecase": {
      "version": "4.1.1",
      "resolved": "https://registry.npm.taobao.org/lodash.snakecase/download/lodash.snakecase-4.1.1.tgz",
      "integrity": "sha1-OdcUo1NXFHg3rv1ktdy7Fr7Nj40="
    },
    "lodash.upperfirst": {
      "version": "4.3.1",
      "resolved": "https://registry.npm.taobao.org/lodash.upperfirst/download/lodash.upperfirst-4.3.1.tgz",
      "integrity": "sha1-E2Xt9DFIBIHvDRxolXpe2Z1J984="
    }
  }
}
